
Microsoft Visual Studio Solution File, Format Version 12.00
# Visual Studio Version 16
VisualStudioVersion = 16.0.32228.343
MinimumVisualStudioVersion = 10.0.40219.1
Project("{FAE04EC0-301F-11D3-BF4B-00C04F79EFBC}") = "Password GeneratorGUI", "Password GeneratorGUI\Password GeneratorGUI.csproj", "{3947387D-D8AD-47A7-9251-800A8CC08A4C}"
EndProject
Global
	GlobalSection(SolutionConfigurationPlatforms) = preSolution
		Debug|Any CPU = Debug|Any CPU
		Release|Any CPU = Release|Any CPU
	EndGlobalSection
	GlobalSection(ProjectConfigurationPlatforms) = postSolution
		{3947387D-D8AD-47A7-9251-800A8CC08A4C}.Debug|Any CPU.ActiveCfg = Debug|Any CPU
		{3947387D-D8AD-47A7-9251-800A8CC08A4C}.Debug|Any CPU.Build.0 = Debug|Any CPU
		{3947387D-D8AD-47A7-9251-800A8CC08A4C}.Release|Any CPU.ActiveCfg = Release|Any CPU
		{3947387D-D8AD-47A7-9251-800A8CC08A4C}.Release|Any CPU.Build.0 = Release|Any CPU
	EndGlobalSection
	GlobalSection(SolutionProperties) = preSolution
		HideSolutionNode = FALSE
	EndGlobalSection
	GlobalSection(ExtensibilityGlobals) = postSolution
		SolutionGuid = {16C1D8A3-2707-438B-AA49-DAB94B2E5BA9}
	EndGlobalSection
EndGlobal
